PODS:
  - ChallongeNetworking (0.6.0)
  - Crashlytics (3.11.1):
    - Fabric (~> 1.8.1)
  - Fabric (1.8.2)
  - Instabug (8.1)
  - Keys (1.0.1)
  - OHHTTPStubs/Core (6.1.0)
  - OHHTTPStubs/Default (6.1.0):
    - OHHTTPStubs/Core
    - OHHTTPStubs/JSON
    - OHHTTPStubs/NSURLSession
    - OHHTTPStubs/OHPathHelpers
  - OHHTTPStubs/JSON (6.1.0):
    - OHHTTPStubs/Core
  - OHHTTPStubs/NSURLSession (6.1.0):
    - OHHTTPStubs/Core
  - OHHTTPStubs/OHPathHelpers (6.1.0)
  - OHHTTPStubs/Swift (6.1.0):
    - OHHTTPStubs/Default
  - SnapKit (4.2.0)

DEPENDENCIES:
  - ChallongeNetworking (= 0.6.0)
  - Crashlytics (~> 3.11.1)
  - Fabric (~> 1.8.2)
  - Instabug (~> 8.1)
  - Keys (from `Pods/CocoaPodsKeys`)
  - OHHTTPStubs/Swift
  - SnapKit (~> 4.2.0)

SPEC REPOS:
  https://github.com/cocoapods/specs.git:
    - ChallongeNetworking
    - Crashlytics
    - Fabric
    - Instabug
    - OHHTTPStubs
    - SnapKit

EXTERNAL SOURCES:
  Keys:
    :path: Pods/CocoaPodsKeys

SPEC CHECKSUMS:
  ChallongeNetworking: 7815551f59885c95ba6698cb6001289845a16ef6
  Crashlytics: ca7ab4bc304aa216bdc2e4c1a96389ee77252203
  Fabric: d2b22f443ba195d8a7cc204da230977c72733b40
  Instabug: 592a4deabae96082ea20d1afac0ec7c34ef650fb
  Keys: a576f4c9c1c641ca913a959a9c62ed3f215a8de9
  OHHTTPStubs: 1e21c7d2c084b8153fc53d48400d8919d2d432d0
  SnapKit: fe8a619752f3f27075cc9a90244d75c6c3f27e2a

PODFILE CHECKSUM: 13d4b9a1d7ae11a73419c1d5e15988900688eb1b

COCOAPODS: 1.6.1
