PODS:
  - ChallongeNetworking (0.6.0)
  - Crashlytics (3.11.1):
    - Fabric (~> 1.8.1)
  - Fabric (1.8.2)
  - SnapKit (4.2.0)

DEPENDENCIES:
  - ChallongeNetworking (= 0.6.0)
  - Crashlytics (~> 3.11.1)
  - Fabric (~> 1.8.2)
  - SnapKit (~> 4.2.0)

SPEC REPOS:
  https://github.com/cocoapods/specs.git:
    - ChallongeNetworking
    - Crashlytics
    - Fabric
    - SnapKit

SPEC CHECKSUMS:
  ChallongeNetworking: 7815551f59885c95ba6698cb6001289845a16ef6
  Crashlytics: ca7ab4bc304aa216bdc2e4c1a96389ee77252203
  Fabric: d2b22f443ba195d8a7cc204da230977c72733b40
  SnapKit: fe8a619752f3f27075cc9a90244d75c6c3f27e2a

PODFILE CHECKSUM: b59f558248f0a515cd052a01f5e53dc92fcf5334

COCOAPODS: 1.6.1
